// !$*UTF8*$!
{
	archiveVersion = 1;
	classes = {
	};
	objectVersion = 48;
	objects = {

/* Begin PBXBuildFile section */
		EACFD2AD203CB6BE00FDCAC0 /* AppDelegate.swift in Sources */ = {isa = PBXBuildFile; fileRef = EACFD2AC203CB6BE00FDCAC0 /* AppDelegate.swift */; };
		EACFD2AF203CB6BE00FDCAC0 /* ViewController.swift in Sources */ = {isa = PBXBuildFile; fileRef = EACFD2AE203CB6BE00FDCAC0 /* ViewController.swift */; };
		EACFD2B2203CB6BE00FDCAC0 /* Main.storyboard in Resources */ = {isa = PBXBuildFile; fileRef = EACFD2B0203CB6BE00FDCAC0 /* Main.storyboard */; };
		EACFD2B4203CB6BE00FDCAC0 /* Assets.xcassets in Resources */ = {isa = PBXBuildFile; fileRef = EACFD2B3203CB6BE00FDCAC0 /* Assets.xcassets */; };
		EACFD2B7203CB6BE00FDCAC0 /* LaunchScreen.storyboard in Resources */ = {isa = PBXBuildFile; fileRef = EACFD2B5203CB6BE00FDCAC0 /* LaunchScreen.storyboard */; };
/* End PBXBuildFile section */

/* Begin PBXFileReference section */
		EACFD2A9203CB6BE00FDCAC0 /* VideoCourse.app */ = {isa = PBXFileReference; explicitFileType = wrapper.application; includeInIndex = 0; path = VideoCourse.app; sourceTree = BUILT_PRODUCTS_DIR; };
		EACFD2AC203CB6BE00FDCAC0 /* AppDelegate.swift */ = {isa = PBXFileReference; lastKnownFileType = sourcecode.swift; path = AppDelegate.swift; sourceTree = "<group>"; };
		EACFD2AE203CB6BE00FDCAC0 /* ViewController.swift */ = {isa = PBXFileReference; lastKnownFileType = sourcecode.swift; path = ViewController.swift; sourceTree = "<group>"; };
		EACFD2B1203CB6BE00FDCAC0 /* Base */ = {isa = PBXFileReference; lastKnownFileType = file.storyboard; name = Base; path = Base.lproj/Main.storyboard; sourceTree = "<group>"; };
		EACFD2B3203CB6BE00FDCAC0 /* Assets.xcassets */ = {isa = PBXFileReference; lastKnownFileType = folder.assetcatalog; path = Assets.xcassets; sourceTree = "<group>"; };
		EACFD2B6203CB6BE00FDCAC0 /* Base */ = {isa = PBXFileReference; lastKnownFileType = file.storyboard; name = Base; path = Base.lproj/LaunchScreen.storyboard; sourceTree = "<group>"; };
		EACFD2B8203CB6BE00FDCAC0 /* Info.plist */ = {isa = PBXFileReference; lastKnownFileType = text.plist.xml; path = Info.plist; sourceTree = "<group>"; };
/* End PBXFileReference section */

/* Begin PBXFrameworksBuildPhase section */
		EACFD2A6203CB6BE00FDCAC0 /* Frameworks */ = {
			isa = PBXFrameworksBuildPhase;
			buildActionMask = 2147483647;
			files = (
			);
			runOnlyForDeploymentPostprocessing = 0;
		};
/* End PBXFrameworksBuildPhase section */

/* Begin PBXGroup section */
		EACFD2A0203CB6BE00FDCAC0 = {
			isa = PBXGroup;
			children = (
				EACFD2AB203CB6BE00FDCAC0 /* VideoCourse */,
				EACFD2AA203CB6BE00FDCAC0 /* Products */,
			);
			sourceTree = "<group>";
		};
		EACFD2AA203CB6BE00FDCAC0 /* Products */ = {
			isa = PBXGroup;
			children = (
				EACFD2A9203CB6BE00FDCAC0 /* VideoCourse.app */,
			);
			name = Products;
			sourceTree = "<group>";
		};
		EACFD2AB203CB6BE00FDCAC0 /* VideoCourse */ = {
			isa = PBXGroup;
			children = (
				EACFD2AC203CB6BE00FDCAC0 /* AppDelegate.swift */,
				EACFD2AE203CB6BE00FDCAC0 /* ViewController.swift */,
				EACFD2B0203CB6BE00FDCAC0 /* Main.storyboard */,
				EACFD2B3203CB6BE00FDCAC0 /* Assets.xcassets */,
				EACFD2B5203CB6BE00FDCAC0 /* LaunchScreen.storyboard */,
				EACFD2B8203CB6BE00FDCAC0 /* Info.plist */,
			);
			path = VideoCourse;
			sourceTree = "<group>";
		};
/* End PBXGroup section */

/* Begin PBXNativeTarget section */
		EACFD2A8203CB6BE00FDCAC0 /* VideoCourse */ = {
			isa = PBXNativeTarget;
			buildConfigurationList = EACFD2BB203CB6BE00FDCAC0 /* Build configuration list for PBXNativeTarget "VideoCourse" */;
			buildPhases = (
				EACFD2A5203CB6BE00FDCAC0 /* Sources */,
				EACFD2A6203CB6BE00FDCAC0 /* Frameworks */,
				EACFD2A7203CB6BE00FDCAC0 /* Resources */,
			);
			buildRules = (
			);
			dependencies = (
			);
			name = VideoCourse;
			productName = VideoCourse;
			productReference = EACFD2A9203CB6BE00FDCAC0 /* VideoCourse.app */;
			productType = "com.apple.product-type.application";
		};
/* End PBXNativeTarget section */

/* Begin PBXProject section */
		EACFD2A1203CB6BE00FDCAC0 /* Project object */ = {
			isa = PBXProject;
			attributes = {
				LastSwiftUpdateCheck = 0920;
				LastUpgradeCheck = 0920;
				ORGANIZATIONNAME = rajeejones;
				TargetAttributes = {
					EACFD2A8203CB6BE00FDCAC0 = {
						CreatedOnToolsVersion = 9.2;
						ProvisioningStyle = Automatic;
					};
				};
			};
			buildConfigurationList = EACFD2A4203CB6BE00FDCAC0 /* Build configuration list for PBXProject "VideoCourse" */;
			compatibilityVersion = "Xcode 8.0";
			developmentRegion = en;
			hasScannedForEncodings = 0;
			knownRegions = (
				en,
				Base,
			);
			mainGroup = EACFD2A0203CB6BE00FDCAC0;
			productRefGroup = EACFD2AA203CB6BE00FDCAC0 /* Products */;
			projectDirPath = "";
			projectRoot = "";
			targets = (
				EACFD2A8203CB6BE00FDCAC0 /* VideoCourse */,
			);
		};
/* End PBXProject section */

/* Begin PBXResourcesBuildPhase section */
		EACFD2A7203CB6BE00FDCAC0 /* Resources */ = {
			isa = PBXResourcesBuildPhase;
			buildActionMask = 2147483647;
			files = (
				EACFD2B7203CB6BE00FDCAC0 /* LaunchScreen.storyboard in Resources */,
				EACFD2B4203CB6BE00FDCAC0 /* Assets.xcassets in Resources */,
				EACFD2B2203CB6BE00FDCAC0 /* Main.storyboard in Resources */,
			);
			runOnlyForDeploymentPostprocessing = 0;
		};
/* End PBXResourcesBuildPhase section */

/* Begin PBXSourcesBuildPhase section */
		EACFD2A5203CB6BE00FDCAC0 /* Sources */ = {
			isa = PBXSourcesBuildPhase;
			buildActionMask = 2147483647;
			files = (
				EACFD2AF203CB6BE00FDCAC0 /* ViewController.swift in Sources */,
				EACFD2AD203CB6BE00FDCAC0 /* AppDelegate.swift in Sources */,
			);
			runOnlyForDeploymentPostprocessing = 0;
		};
/* End PBXSourcesBuildPhase section */

/* Begin PBXVariantGroup section */
		EACFD2B0203CB6BE00FDCAC0 /* Main.storyboard */ = {
			isa = PBXVariantGroup;
			children = (
				EACFD2B1203CB6BE00FDCAC0 /* Base */,
			);
			name = Main.storyboard;
			sourceTree = "<group>";
		};
		EACFD2B5203CB6BE00FDCAC0 /* LaunchScreen.storyboard */ = {
			isa = PBXVariantGroup;
			children = (
				EACFD2B6203CB6BE00FDCAC0 /* Base */,
			);
			name = LaunchScreen.storyboard;
			sourceTree = "<group>";
		};
/* End PBXVariantGroup section */

/* Begin XCBuildConfiguration section */
		EACFD2B9203CB6BE00FDCAC0 /* Debug */ = {
			isa = XCBuildConfiguration;
			buildSettings = {
				ALWAYS_SEARCH_USER_PATHS = NO;
				CLANG_ANALYZER_NONNULL = YES;
				CLANG_ANALYZER_NUMBER_OBJECT_CONVERSION = YES_AGGRESSIVE;
				CLANG_CXX_LANGUAGE_STANDARD = "gnu++14";
				CLANG_CXX_LIBRARY = "libc++";
				CLANG_ENABLE_MODULES = YES;
				CLANG_ENABLE_OBJC_ARC = YES;
				CLANG_WARN_BLOCK_CAPTURE_AUTORELEASING = YES;
				CLANG_WARN_BOOL_CONVERSION = YES;
				CLANG_WARN_COMMA = YES;
				CLANG_WARN_CONSTANT_CONVERSION = YES;
				CLANG_WARN_DIRECT_OBJC_ISA_USAGE = YES_ERROR;
				CLANG_WARN_DOCUMENTATION_COMMENTS = YES;
				CLANG_WARN_EMPTY_BODY = YES;
				CLANG_WARN_ENUM_CONVERSION = YES;
				CLANG_WARN_INFINITE_RECURSION = YES;
				CLANG_WARN_INT_CONVERSION = YES;
				CLANG_WARN_NON_LITERAL_NULL_CONVERSION = YES;
				CLANG_WARN_OBJC_LITERAL_CONVERSION = YES;
				CLANG_WARN_OBJC_ROOT_CLASS = YES_ERROR;
				CLANG_WARN_RANGE_LOOP_ANALYSIS = YES;
				CLANG_WARN_STRICT_PROTOTYPES = YES;
				CLANG_WARN_SUSPICIOUS_MOVE = YES;
				CLANG_WARN_UNGUARDED_AVAILABILITY = YES_AGGRESSIVE;
				CLANG_WARN_UNREACHABLE_CODE = YES;
				CLANG_WARN__DUPLICATE_METHOD_MATCH = YES;
				CODE_SIGN_IDENTITY = "iPhone Developer";
				COPY_PHASE_STRIP = NO;
				DEBUG_INFORMATION_FORMAT = dwarf;
				ENABLE_STRICT_OBJC_MSGSEND = YES;
				ENABLE_TESTABILITY = YES;
				GCC_C_LANGUAGE_STANDARD = gnu11;
				GCC_DYNAMIC_NO_PIC = NO;
				GCC_NO_COMMON_BLOCKS = YES;
				GCC_OPTIMIZATION_LEVEL = 0;
				GCC_PREPROCESSOR_DEFINITIONS = (
					"DEBUG=1",
					"$(inherited)",
				);
				GCC_WARN_64_TO_32_BIT_CONVERSION = YES;
				GCC_WARN_ABOUT_RETURN_TYPE = YES_ERROR;
				GCC_WARN_UNDECLARED_SELECTOR = YES;
				GCC_WARN_UNINITIALIZED_AUTOS = YES_AGGRESSIVE;
				GCC_WARN_UNUSED_FUNCTION = YES;
				GCC_WARN_UNUSED_VARIABLE = YES;
				IPHONEOS_DEPLOYMENT_TARGET = 11.2;
				MTL_ENABLE_DEBUG_INFO = YES;
				ONLY_ACTIVE_ARCH = YES;
				SDKROOT = iphoneos;
				SWIFT_ACTIVE_COMPILATION_CONDITIONS = DEBUG;
				SWIFT_OPTIMIZATION_LEVEL = "-Onone";
			};
			name = Debug;
		};
		EACFD2BA203CB6BE00FDCAC0 /* Release */ = {
			isa = XCBuildConfiguration;
			buildSettings = {
				ALWAYS_SEARCH_USER_PATHS = NO;
				CLANG_ANALYZER_NONNULL = YES;
				CLANG_ANALYZER_NUMBER_OBJECT_CONVERSION = YES_AGGRESSIVE;
				CLANG_CXX_LANGUAGE_STANDARD = "gnu++14";
				CLANG_CXX_LIBRARY = "libc++";
				CLANG_ENABLE_MODULES = YES;
				CLANG_ENABLE_OBJC_ARC = YES;
				CLANG_WARN_BLOCK_CAPTURE_AUTORELEASING = YES;
				CLANG_WARN_BOOL_CONVERSION = YES;
				CLANG_WARN_COMMA = YES;
				CLANG_WARN_CONSTANT_CONVERSION = YES;
				CLANG_WARN_DIRECT_OBJC_ISA_USAGE = YES_ERROR;
				CLANG_WARN_DOCUMENTATION_COMMENTS = YES;
				CLANG_WARN_EMPTY_BODY = YES;
				CLANG_WARN_ENUM_CONVERSION = YES;
				CLANG_WARN_INFINITE_RECURSION = YES;
				CLANG_WARN_INT_CONVERSION = YES;
				CLANG_WARN_NON_LITERAL_NULL_CONVERSION = YES;
				CLANG_WARN_OBJC_LITERAL_CONVERSION = YES;
				CLANG_WARN_OBJC_ROOT_CLASS = YES_ERROR;
				CLANG_WARN_RANGE_LOOP_ANALYSIS = YES;
				CLANG_WARN_STRICT_PROTOTYPES = YES;
				CLANG_WARN_SUSPICIOUS_MOVE = YES;
				CLANG_WARN_UNGUARDED_AVAILABILITY = YES_AGGRESSIVE;
				CLANG_WARN_UNREACHABLE_CODE = YES;
				CLANG_WARN__DUPLICATE_METHOD_MATCH = YES;
				CODE_SIGN_IDENTITY = "iPhone Developer";
				COPY_PHASE_STRIP = NO;
				DEBUG_INFORMATION_FORMAT = "dwarf-with-dsym";
				ENABLE_NS_ASSERTIONS = NO;
				ENABLE_STRICT_OBJC_MSGSEND = YES;
				GCC_C_LANGUAGE_STANDARD = gnu11;
				GCC_NO_COMMON_BLOCKS = YES;
				GCC_WARN_64_TO_32_BIT_CONVERSION = YES;
				GCC_WARN_ABOUT_RETURN_TYPE = YES_ERROR;
				GCC_WARN_UNDECLARED_SELECTOR = YES;
				GCC_WARN_UNINITIALIZED_AUTOS = YES_AGGRESSIVE;
				GCC_WARN_UNUSED_FUNCTION = YES;
				GCC_WARN_UNUSED_VARIABLE = YES;
				IPHONEOS_DEPLOYMENT_TARGET = 11.2;
				MTL_ENABLE_DEBUG_INFO = NO;
				SDKROOT = iphoneos;
				SWIFT_OPTIMIZATION_LEVEL = "-Owholemodule";
				VALIDATE_PRODUCT = YES;
			};
			name = Release;
		};
		EACFD2BC203CB6BE00FDCAC0 /* Debug */ = {
			isa = XCBuildConfiguration;
			buildSettings = {
				ASSETCATALOG_COMPILER_APPICON_NAME = AppIcon;
				CODE_SIGN_STYLE = Automatic;
				INFOPLIST_FILE = VideoCourse/Info.plist;
				LD_RUNPATH_SEARCH_PATHS = "$(inherited) @executable_path/Frameworks";
				PRODUCT_BUNDLE_IDENTIFIER = com.rajeejones.VideoCourse;
				PRODUCT_NAME = "$(TARGET_NAME)";
				SWIFT_VERSION = 4.0;
				TARGETED_DEVICE_FAMILY = "1,2";
			};
			name = Debug;
		};
		EACFD2BD203CB6BE00FDCAC0 /* Release */ = {
			isa = XCBuildConfiguration;
			buildSettings = {
				ASSETCATALOG_COMPILER_APPICON_NAME = AppIcon;
				CODE_SIGN_STYLE = Automatic;
				INFOPLIST_FILE = VideoCourse/Info.plist;
				LD_RUNPATH_SEARCH_PATHS = "$(inherited) @executable_path/Frameworks";
				PRODUCT_BUNDLE_IDENTIFIER = com.rajeejones.VideoCourse;
				PRODUCT_NAME = "$(TARGET_NAME)";
				SWIFT_VERSION = 4.0;
				TARGETED_DEVICE_FAMILY = "1,2";
			};
			name = Release;
		};
/* End XCBuildConfiguration section */

/* Begin XCConfigurationList section */
		EACFD2A4203CB6BE00FDCAC0 /* Build configuration list for PBXProject "VideoCourse" */ = {
			isa = XCConfigurationList;
			buildConfigurations = (
				EACFD2B9203CB6BE00FDCAC0 /* Debug */,
				EACFD2BA203CB6BE00FDCAC0 /* Release */,
			);
			defaultConfigurationIsVisible = 0;
			defaultConfigurationName = Release;
		};
		EACFD2BB203CB6BE00FDCAC0 /* Build configuration list for PBXNativeTarget "VideoCourse" */ = {
			isa = XCConfigurationList;
			buildConfigurations = (
				EACFD2BC203CB6BE00FDCAC0 /* Debug */,
				EACFD2BD203CB6BE00FDCAC0 /* Release */,
			);
			defaultConfigurationIsVisible = 0;
			defaultConfigurationName = Release;
		};
/* End XCConfigurationList section */
	};
	rootObject = EACFD2A1203CB6BE00FDCAC0 /* Project object */;
}
